
Microsoft Visual Studio Solution File, Format Version 12.00
# Visual Studio Version 16
VisualStudioVersion = 16.0.29521.150
MinimumVisualStudioVersion = 10.0.40219.1
Project("{8BC9CEB8-8B4A-11D0-8D11-00A0C91BC942}") = "DbgEngWrapper", "DbgEngWrapper\DbgEngWrapper.vcxproj", "{109D533A-F0AD-4FDF-8BC7-89928FADA1AF}"
EndProject
Project("{9A19103F-16F7-4668-BE54-9A1E7A4F7556}") = "ClrMemDiag", "ClrMemDiag\ClrMemDiag.csproj", "{7BA12327-EFA7-4D86-A126-3571CCED5989}"
EndProject
Project("{8BC9CEB8-8B4A-11D0-8D11-00A0C91BC942}") = "DbgNativeUtil", "DbgNativeUtil\DbgNativeUtil.vcxproj", "{DC44EC1D-6763-4F2D-9A07-07E4D1E854C2}"
EndProject
Project("{9A19103F-16F7-4668-BE54-9A1E7A4F7556}") = "DbgProvider", "DbgProvider\DbgProvider.csproj", "{CA41600E-BDFD-488B-ABCC-808816B848D2}"
EndProject
Project("{9A19103F-16F7-4668-BE54-9A1E7A4F7556}") = "DbgShell", "DbgShell\DbgShell.csproj", "{9E780265-6B71-48C7-9DAB-259B18E33632}"
EndProject
Project("{2150E333-8FDC-42A3-9474-1A3956D46DE8}") = "test", "test", "{487CFDAB-D583-4AF6-A9FE-98B71BB991B7}"
EndProject
Project("{9A19103F-16F7-4668-BE54-9A1E7A4F7556}") = "TestManagedCommon", "test\TestManagedCommon\TestManagedCommon.csproj", "{FBD8B586-451D-4945-9FD8-C50800013956}"
EndProject
Project("{8BC9CEB8-8B4A-11D0-8D11-00A0C91BC942}") = "TestNativeConsoleApp", "test\TestNativeConsoleApp\TestNativeConsoleApp.vcxproj", "{154DFFE0-E7C7-4ABA-8CA9-369EA21E862E}"
EndProject
Project("{9A19103F-16F7-4668-BE54-9A1E7A4F7556}") = "TestManagedConsoleApp", "test\TestManagedConsoleApp\TestManagedConsoleApp.csproj", "{136312DD-1793-459C-A7FC-AFFBD43C59B5}"
EndProject
Global
	GlobalSection(SolutionConfigurationPlatforms) = preSolution
		Debug|x64 = Debug|x64
		Debug|x86 = Debug|x86
		Release|x64 = Release|x64
		Release|x86 = Release|x86
	EndGlobalSection
	GlobalSection(ProjectConfigurationPlatforms) = postSolution
		{109D533A-F0AD-4FDF-8BC7-89928FADA1AF}.Debug|x64.ActiveCfg = Debug|x64
		{109D533A-F0AD-4FDF-8BC7-89928FADA1AF}.Debug|x64.Build.0 = Debug|x64
		{109D533A-F0AD-4FDF-8BC7-89928FADA1AF}.Debug|x86.ActiveCfg = Debug|Win32
		{109D533A-F0AD-4FDF-8BC7-89928FADA1AF}.Debug|x86.Build.0 = Debug|Win32
		{109D533A-F0AD-4FDF-8BC7-89928FADA1AF}.Release|x64.ActiveCfg = Release|x64
		{109D533A-F0AD-4FDF-8BC7-89928FADA1AF}.Release|x64.Build.0 = Release|x64
		{109D533A-F0AD-4FDF-8BC7-89928FADA1AF}.Release|x86.ActiveCfg = Release|Win32
		{109D533A-F0AD-4FDF-8BC7-89928FADA1AF}.Release|x86.Build.0 = Release|Win32
		{7BA12327-EFA7-4D86-A126-3571CCED5989}.Debug|x64.ActiveCfg = Debug|x64
		{7BA12327-EFA7-4D86-A126-3571CCED5989}.Debug|x64.Build.0 = Debug|x64
		{7BA12327-EFA7-4D86-A126-3571CCED5989}.Debug|x86.ActiveCfg = Debug|x86
		{7BA12327-EFA7-4D86-A126-3571CCED5989}.Debug|x86.Build.0 = Debug|x86
		{7BA12327-EFA7-4D86-A126-3571CCED5989}.Release|x64.ActiveCfg = Release|x64
		{7BA12327-EFA7-4D86-A126-3571CCED5989}.Release|x64.Build.0 = Release|x64
		{7BA12327-EFA7-4D86-A126-3571CCED5989}.Release|x86.ActiveCfg = Release|x86
		{7BA12327-EFA7-4D86-A126-3571CCED5989}.Release|x86.Build.0 = Release|x86
		{DC44EC1D-6763-4F2D-9A07-07E4D1E854C2}.Debug|x64.ActiveCfg = Debug|x64
		{DC44EC1D-6763-4F2D-9A07-07E4D1E854C2}.Debug|x64.Build.0 = Debug|x64
		{DC44EC1D-6763-4F2D-9A07-07E4D1E854C2}.Debug|x86.ActiveCfg = Debug|Win32
		{DC44EC1D-6763-4F2D-9A07-07E4D1E854C2}.Debug|x86.Build.0 = Debug|Win32
		{DC44EC1D-6763-4F2D-9A07-07E4D1E854C2}.Release|x64.ActiveCfg = Release|x64
		{DC44EC1D-6763-4F2D-9A07-07E4D1E854C2}.Release|x64.Build.0 = Release|x64
		{DC44EC1D-6763-4F2D-9A07-07E4D1E854C2}.Release|x86.ActiveCfg = Release|Win32
		{DC44EC1D-6763-4F2D-9A07-07E4D1E854C2}.Release|x86.Build.0 = Release|Win32
		{CA41600E-BDFD-488B-ABCC-808816B848D2}.Debug|x64.ActiveCfg = Debug|x64
		{CA41600E-BDFD-488B-ABCC-808816B848D2}.Debug|x64.Build.0 = Debug|x64
		{CA41600E-BDFD-488B-ABCC-808816B848D2}.Debug|x86.ActiveCfg = Debug|x86
		{CA41600E-BDFD-488B-ABCC-808816B848D2}.Debug|x86.Build.0 = Debug|x86
		{CA41600E-BDFD-488B-ABCC-808816B848D2}.Release|x64.ActiveCfg = Release|x64
		{CA41600E-BDFD-488B-ABCC-808816B848D2}.Release|x64.Build.0 = Release|x64
		{CA41600E-BDFD-488B-ABCC-808816B848D2}.Release|x86.ActiveCfg = Release|x86
		{CA41600E-BDFD-488B-ABCC-808816B848D2}.Release|x86.Build.0 = Release|x86
		{9E780265-6B71-48C7-9DAB-259B18E33632}.Debug|x64.ActiveCfg = Debug|x64
		{9E780265-6B71-48C7-9DAB-259B18E33632}.Debug|x64.Build.0 = Debug|x64
		{9E780265-6B71-48C7-9DAB-259B18E33632}.Debug|x86.ActiveCfg = Debug|x86
		{9E780265-6B71-48C7-9DAB-259B18E33632}.Debug|x86.Build.0 = Debug|x86
		{9E780265-6B71-48C7-9DAB-259B18E33632}.Release|x64.ActiveCfg = Release|x64
		{9E780265-6B71-48C7-9DAB-259B18E33632}.Release|x64.Build.0 = Release|x64
		{9E780265-6B71-48C7-9DAB-259B18E33632}.Release|x86.ActiveCfg = Release|x86
		{9E780265-6B71-48C7-9DAB-259B18E33632}.Release|x86.Build.0 = Release|x86
		{FBD8B586-451D-4945-9FD8-C50800013956}.Debug|x64.ActiveCfg = Debug|x64
		{FBD8B586-451D-4945-9FD8-C50800013956}.Debug|x64.Build.0 = Debug|x64
		{FBD8B586-451D-4945-9FD8-C50800013956}.Debug|x86.ActiveCfg = Debug|x86
		{FBD8B586-451D-4945-9FD8-C50800013956}.Debug|x86.Build.0 = Debug|x86
		{FBD8B586-451D-4945-9FD8-C50800013956}.Release|x64.ActiveCfg = Release|x64
		{FBD8B586-451D-4945-9FD8-C50800013956}.Release|x64.Build.0 = Release|x64
		{FBD8B586-451D-4945-9FD8-C50800013956}.Release|x86.ActiveCfg = Release|x86
		{FBD8B586-451D-4945-9FD8-C50800013956}.Release|x86.Build.0 = Release|x86
		{154DFFE0-E7C7-4ABA-8CA9-369EA21E862E}.Debug|x64.ActiveCfg = Debug|x64
		{154DFFE0-E7C7-4ABA-8CA9-369EA21E862E}.Debug|x64.Build.0 = Debug|x64
		{154DFFE0-E7C7-4ABA-8CA9-369EA21E862E}.Debug|x86.ActiveCfg = Debug|Win32
		{154DFFE0-E7C7-4ABA-8CA9-369EA21E862E}.Debug|x86.Build.0 = Debug|Win32
		{154DFFE0-E7C7-4ABA-8CA9-369EA21E862E}.Release|x64.ActiveCfg = Release|x64
		{154DFFE0-E7C7-4ABA-8CA9-369EA21E862E}.Release|x64.Build.0 = Release|x64
		{154DFFE0-E7C7-4ABA-8CA9-369EA21E862E}.Release|x86.ActiveCfg = Release|Win32
		{154DFFE0-E7C7-4ABA-8CA9-369EA21E862E}.Release|x86.Build.0 = Release|Win32
		{136312DD-1793-459C-A7FC-AFFBD43C59B5}.Debug|x64.ActiveCfg = Debug|x64
		{136312DD-1793-459C-A7FC-AFFBD43C59B5}.Debug|x64.Build.0 = Debug|x64
		{136312DD-1793-459C-A7FC-AFFBD43C59B5}.Debug|x86.ActiveCfg = Debug|x86
		{136312DD-1793-459C-A7FC-AFFBD43C59B5}.Debug|x86.Build.0 = Debug|x86
		{136312DD-1793-459C-A7FC-AFFBD43C59B5}.Release|x64.ActiveCfg = Release|x64
		{136312DD-1793-459C-A7FC-AFFBD43C59B5}.Release|x64.Build.0 = Release|x64
		{136312DD-1793-459C-A7FC-AFFBD43C59B5}.Release|x86.ActiveCfg = Release|x86
		{136312DD-1793-459C-A7FC-AFFBD43C59B5}.Release|x86.Build.0 = Release|x86
	EndGlobalSection
	GlobalSection(SolutionProperties) = preSolution
		HideSolutionNode = FALSE
	EndGlobalSection
	GlobalSection(NestedProjects) = preSolution
		{FBD8B586-451D-4945-9FD8-C50800013956} = {487CFDAB-D583-4AF6-A9FE-98B71BB991B7}
		{154DFFE0-E7C7-4ABA-8CA9-369EA21E862E} = {487CFDAB-D583-4AF6-A9FE-98B71BB991B7}
		{136312DD-1793-459C-A7FC-AFFBD43C59B5} = {487CFDAB-D583-4AF6-A9FE-98B71BB991B7}
	EndGlobalSection
	GlobalSection(ExtensibilityGlobals) = postSolution
		SolutionGuid = {F4A763BC-1E65-44F4-A3A2-A936949ADFE8}
	EndGlobalSection
EndGlobal
